
Microsoft Visual Studio Solution File, Format Version 12.00
# Visual Studio 15
VisualStudioVersion = 15.0.28010.2046
MinimumVisualStudioVersion = 10.0.40219.1
Project("{E24C65DC-7377-472B-9ABA-BC803B73C61A}") = "MCQExamPortal", "MCQExamPortal\", "{1DCF9F4B-A9D4-42C8-B9FC-174E7071A948}"
	ProjectSection(WebsiteProperties) = preProject
		TargetFrameworkMoniker = ".NETFramework,Version%3Dv4.6.1"
		Debug.AspNetCompiler.VirtualPath = "/localhost_1401"
		Debug.AspNetCompiler.PhysicalPath = "MCQExamPortal\"
		Debug.AspNetCompiler.TargetPath = "PrecompiledWeb\localhost_1401\"
		Debug.AspNetCompiler.Updateable = "true"
		Debug.AspNetCompiler.ForceOverwrite = "true"
		Debug.AspNetCompiler.FixedNames = "false"
		Debug.AspNetCompiler.Debug = "True"
		Release.AspNetCompiler.VirtualPath = "/localhost_1401"
		Release.AspNetCompiler.PhysicalPath = "MCQExamPortal\"
		Release.AspNetCompiler.TargetPath = "PrecompiledWeb\localhost_1401\"
		Release.AspNetCompiler.Updateable = "true"
		Release.AspNetCompiler.ForceOverwrite = "true"
		Release.AspNetCompiler.FixedNames = "false"
		Release.AspNetCompiler.Debug = "False"
		VWDPort = "1401"
		SlnRelativePath = "MCQExamPortal\"
		DefaultWebSiteLanguage = "Visual C#"
	EndProjectSection
EndProject
Global
	GlobalSection(SolutionConfigurationPlatforms) = preSolution
		Debug|Any CPU = Debug|Any CPU
	EndGlobalSection
	GlobalSection(ProjectConfigurationPlatforms) = postSolution
		{1DCF9F4B-A9D4-42C8-B9FC-174E7071A948}.Debug|Any CPU.ActiveCfg = Debug|Any CPU
		{1DCF9F4B-A9D4-42C8-B9FC-174E7071A948}.Debug|Any CPU.Build.0 = Debug|Any CPU
	EndGlobalSection
	GlobalSection(SolutionProperties) = preSolution
		HideSolutionNode = FALSE
	EndGlobalSection
	GlobalSection(ExtensibilityGlobals) = postSolution
		SolutionGuid = {66ECD8D8-C367-4724-844E-77A67F5E5105}
	EndGlobalSection
EndGlobal
